
Microsoft Visual Studio Solution File, Format Version 12.00
# Visual Studio Version 17
VisualStudioVersion = 17.1.32328.378
MinimumVisualStudioVersion = 10.0.40219.1
Project("{FAE04EC0-301F-11D3-BF4B-00C04F79EFBC}") = "Peman.Api", "Peman.Api\Peman.Api.csproj", "{DD7DE8AF-ADF3-4B67-ADFE-59F2D87E5F30}"
EndProject
Project("{FAE04EC0-301F-11D3-BF4B-00C04F79EFBC}") = "Peman.Model", "Peman.Model\Peman.Model.csproj", "{EEC61DB7-E7EC-44FA-9694-F97AA42A80D9}"
EndProject
Global
	GlobalSection(SolutionConfigurationPlatforms) = preSolution
		Debug|Any CPU = Debug|Any CPU
		Release|Any CPU = Release|Any CPU
	EndGlobalSection
	GlobalSection(ProjectConfigurationPlatforms) = postSolution
		{DD7DE8AF-ADF3-4B67-ADFE-59F2D87E5F30}.Debug|Any CPU.ActiveCfg = Debug|Any CPU
		{DD7DE8AF-ADF3-4B67-ADFE-59F2D87E5F30}.Debug|Any CPU.Build.0 = Debug|Any CPU
		{DD7DE8AF-ADF3-4B67-ADFE-59F2D87E5F30}.Release|Any CPU.ActiveCfg = Release|Any CPU
		{DD7DE8AF-ADF3-4B67-ADFE-59F2D87E5F30}.Release|Any CPU.Build.0 = Release|Any CPU
		{EEC61DB7-E7EC-44FA-9694-F97AA42A80D9}.Debug|Any CPU.ActiveCfg = Debug|Any CPU
		{EEC61DB7-E7EC-44FA-9694-F97AA42A80D9}.Debug|Any CPU.Build.0 = Debug|Any CPU
		{EEC61DB7-E7EC-44FA-9694-F97AA42A80D9}.Release|Any CPU.ActiveCfg = Release|Any CPU
		{EEC61DB7-E7EC-44FA-9694-F97AA42A80D9}.Release|Any CPU.Build.0 = Release|Any CPU
	EndGlobalSection
	GlobalSection(SolutionProperties) = preSolution
		HideSolutionNode = FALSE
	EndGlobalSection
	GlobalSection(ExtensibilityGlobals) = postSolution
		SolutionGuid = {FD8DB9E3-5B81-47B8-B1CE-BB7498B6E307}
	EndGlobalSection
EndGlobal
